
Microsoft Visual Studio Solution File, Format Version 12.00
# Visual Studio Version 16
VisualStudioVersion = 16.0.29102.190
MinimumVisualStudioVersion = 10.0.40219.1
Project("{FAE04EC0-301F-11D3-BF4B-00C04F79EFBC}") = "Certification70-487_Framework4.6", "Certification70-487_Framework4.6\Certification70-487_Framework4.6.csproj", "{574665AA-CBD0-4CD8-B1E4-D89F08428512}"
EndProject
Project("{FAE04EC0-301F-11D3-BF4B-00C04F79EFBC}") = "WcfServiceApplication", "WcfServiceApplication\WcfServiceApplication.csproj", "{905CF184-CAFF-43E5-9B0C-F75CDD57A927}"
EndProject
Project("{FAE04EC0-301F-11D3-BF4B-00C04F79EFBC}") = "WcfServiceApplicationTests", "WcfServiceApplicationTests\WcfServiceApplicationTests.csproj", "{0B4EAFC2-8CFC-49BB-B02D-6BF43E1B2152}"
	ProjectSection(ProjectDependencies) = postProject
		{905CF184-CAFF-43E5-9B0C-F75CDD57A927} = {905CF184-CAFF-43E5-9B0C-F75CDD57A927}
	EndProjectSection
EndProject
Project("{2150E333-8FDC-42A3-9474-1A3956D46DE8}") = "WCF", "WCF", "{61535469-C7B7-47DC-AC67-6CB2AB4DE274}"
	ProjectSection(SolutionItems) = preProject
		Conmmand Line - Code Generation for CLient.txt = Conmmand Line - Code Generation for CLient.txt
	EndProjectSection
EndProject
Project("{2150E333-8FDC-42A3-9474-1A3956D46DE8}") = "IIS", "IIS", "{A0D4200E-30B7-4B8D-8CFE-60BD27CBAC1E}"
EndProject
Project("{2150E333-8FDC-42A3-9474-1A3956D46DE8}") = "StandAlone", "StandAlone", "{E334510D-6DD6-4399-9724-2C31C6CDF96A}"
EndProject
Project("{FAE04EC0-301F-11D3-BF4B-00C04F79EFBC}") = "WcfServiceLibrary", "WcfServiceLibrary\WcfServiceLibrary.csproj", "{8AD3C795-F057-4EB3-AC8F-9C9B28C8ACE9}"
EndProject
Project("{FAE04EC0-301F-11D3-BF4B-00C04F79EFBC}") = "ConsoleAppForWCFLibrary", "ConsoleAppForWCFLibrary\ConsoleAppForWCFLibrary.csproj", "{D9660675-4C61-4256-AB0D-04B22A52FE11}"
EndProject
Global
	GlobalSection(SolutionConfigurationPlatforms) = preSolution
		Debug|Any CPU = Debug|Any CPU
		Release|Any CPU = Release|Any CPU
	EndGlobalSection
	GlobalSection(ProjectConfigurationPlatforms) = postSolution
		{574665AA-CBD0-4CD8-B1E4-D89F08428512}.Debug|Any CPU.ActiveCfg = Debug|Any CPU
		{574665AA-CBD0-4CD8-B1E4-D89F08428512}.Debug|Any CPU.Build.0 = Debug|Any CPU
		{574665AA-CBD0-4CD8-B1E4-D89F08428512}.Release|Any CPU.ActiveCfg = Release|Any CPU
		{574665AA-CBD0-4CD8-B1E4-D89F08428512}.Release|Any CPU.Build.0 = Release|Any CPU
		{905CF184-CAFF-43E5-9B0C-F75CDD57A927}.Debug|Any CPU.ActiveCfg = Debug|Any CPU
		{905CF184-CAFF-43E5-9B0C-F75CDD57A927}.Debug|Any CPU.Build.0 = Debug|Any CPU
		{905CF184-CAFF-43E5-9B0C-F75CDD57A927}.Release|Any CPU.ActiveCfg = Release|Any CPU
		{905CF184-CAFF-43E5-9B0C-F75CDD57A927}.Release|Any CPU.Build.0 = Release|Any CPU
		{0B4EAFC2-8CFC-49BB-B02D-6BF43E1B2152}.Debug|Any CPU.ActiveCfg = Debug|Any CPU
		{0B4EAFC2-8CFC-49BB-B02D-6BF43E1B2152}.Debug|Any CPU.Build.0 = Debug|Any CPU
		{0B4EAFC2-8CFC-49BB-B02D-6BF43E1B2152}.Release|Any CPU.ActiveCfg = Release|Any CPU
		{0B4EAFC2-8CFC-49BB-B02D-6BF43E1B2152}.Release|Any CPU.Build.0 = Release|Any CPU
		{8AD3C795-F057-4EB3-AC8F-9C9B28C8ACE9}.Debug|Any CPU.ActiveCfg = Debug|Any CPU
		{8AD3C795-F057-4EB3-AC8F-9C9B28C8ACE9}.Debug|Any CPU.Build.0 = Debug|Any CPU
		{8AD3C795-F057-4EB3-AC8F-9C9B28C8ACE9}.Release|Any CPU.ActiveCfg = Release|Any CPU
		{8AD3C795-F057-4EB3-AC8F-9C9B28C8ACE9}.Release|Any CPU.Build.0 = Release|Any CPU
		{D9660675-4C61-4256-AB0D-04B22A52FE11}.Debug|Any CPU.ActiveCfg = Debug|Any CPU
		{D9660675-4C61-4256-AB0D-04B22A52FE11}.Debug|Any CPU.Build.0 = Debug|Any CPU
		{D9660675-4C61-4256-AB0D-04B22A52FE11}.Release|Any CPU.ActiveCfg = Release|Any CPU
		{D9660675-4C61-4256-AB0D-04B22A52FE11}.Release|Any CPU.Build.0 = Release|Any CPU
	EndGlobalSection
	GlobalSection(SolutionProperties) = preSolution
		HideSolutionNode = FALSE
	EndGlobalSection
	GlobalSection(NestedProjects) = preSolution
		{905CF184-CAFF-43E5-9B0C-F75CDD57A927} = {A0D4200E-30B7-4B8D-8CFE-60BD27CBAC1E}
		{0B4EAFC2-8CFC-49BB-B02D-6BF43E1B2152} = {A0D4200E-30B7-4B8D-8CFE-60BD27CBAC1E}
		{A0D4200E-30B7-4B8D-8CFE-60BD27CBAC1E} = {61535469-C7B7-47DC-AC67-6CB2AB4DE274}
		{E334510D-6DD6-4399-9724-2C31C6CDF96A} = {61535469-C7B7-47DC-AC67-6CB2AB4DE274}
		{8AD3C795-F057-4EB3-AC8F-9C9B28C8ACE9} = {E334510D-6DD6-4399-9724-2C31C6CDF96A}
		{D9660675-4C61-4256-AB0D-04B22A52FE11} = {E334510D-6DD6-4399-9724-2C31C6CDF96A}
	EndGlobalSection
	GlobalSection(ExtensibilityGlobals) = postSolution
		SolutionGuid = {C6CD4236-F4C6-4230-B5AD-1819D10CBBEC}
	EndGlobalSection
EndGlobal
